// !$*UTF8*$!
{
	archiveVersion = 1;
	classes = {
	};
	objectVersion = 46;
	objects = {

/* Begin PBXBuildFile section */
		2F1C14F218E2918800526418 /* ExtractPreviewView.m in Sources */ = {isa = PBXBuildFile; fileRef = 2F1C14F118E2918800526418 /* ExtractPreviewView.m */; };
		2F1C14F418E2963E00526418 /* eraser@2x.png in Resources */ = {isa = PBXBuildFile; fileRef = 2F1C14F318E2963E00526418 /* eraser@2x.png */; };
		2F1C14F718E297FD00526418 /* ExtractPreview.m in Sources */ = {isa = PBXBuildFile; fileRef = 2F1C14F618E297FD00526418 /* ExtractPreview.m */; };
		2F379BE618E2EA25005F12C7 /* AssetsLibrary.framework in Frameworks */ = {isa = PBXBuildFile; fileRef = 2F379BE518E2EA25005F12C7 /* AssetsLibrary.framework */; };
		2F4EB35718E26E05004FB168 /* Foundation.framework in Frameworks */ = {isa = PBXBuildFile; fileRef = 2F4EB35618E26E05004FB168 /* Foundation.framework */; };
		2F4EB35918E26E05004FB168 /* CoreGraphics.framework in Frameworks */ = {isa = PBXBuildFile; fileRef = 2F4EB35818E26E05004FB168 /* CoreGraphics.framework */; };
		2F4EB35B18E26E05004FB168 /* UIKit.framework in Frameworks */ = {isa = PBXBuildFile; fileRef = 2F4EB35A18E26E05004FB168 /* UIKit.framework */; };
		2F4EB36118E26E05004FB168 /* InfoPlist.strings in Resources */ = {isa = PBXBuildFile; fileRef = 2F4EB35F18E26E05004FB168 /* InfoPlist.strings */; };
		2F4EB36318E26E05004FB168 /* main.m in Sources */ = {isa = PBXBuildFile; fileRef = 2F4EB36218E26E05004FB168 /* main.m */; };
		2F4EB36718E26E05004FB168 /* AppDelegate.m in Sources */ = {isa = PBXBuildFile; fileRef = 2F4EB36618E26E05004FB168 /* AppDelegate.m */; };
		2F4EB36A18E26E05004FB168 /* Main.storyboard in Resources */ = {isa = PBXBuildFile; fileRef = 2F4EB36818E26E05004FB168 /* Main.storyboard */; };
		2F4EB36D18E26E05004FB168 /* ViewController.m in Sources */ = {isa = PBXBuildFile; fileRef = 2F4EB36C18E26E05004FB168 /* ViewController.m */; };
		2F4EB36F18E26E05004FB168 /* Images.xcassets in Resources */ = {isa = PBXBuildFile; fileRef = 2F4EB36E18E26E05004FB168 /* Images.xcassets */; };
		2F4EB37618E26E05004FB168 /* XCTest.framework in Frameworks */ = {isa = PBXBuildFile; fileRef = 2F4EB37518E26E05004FB168 /* XCTest.framework */; };
		2F4EB37718E26E05004FB168 /* Foundation.framework in Frameworks */ = {isa = PBXBuildFile; fileRef = 2F4EB35618E26E05004FB168 /* Foundation.framework */; };
		2F4EB37818E26E05004FB168 /* UIKit.framework in Frameworks */ = {isa = PBXBuildFile; fileRef = 2F4EB35A18E26E05004FB168 /* UIKit.framework */; };
		2F4EB38018E26E05004FB168 /* InfoPlist.strings in Resources */ = {isa = PBXBuildFile; fileRef = 2F4EB37E18E26E05004FB168 /* InfoPlist.strings */; };
		2F4EB38218E26E05004FB168 /* ios_camera_testTests.m in Sources */ = {isa = PBXBuildFile; fileRef = 2F4EB38118E26E05004FB168 /* ios_camera_testTests.m */; };
		2F8ACA1918E2797500EF1B8B /* ImageExtractViewController.m in Sources */ = {isa = PBXBuildFile; fileRef = 2F8ACA1818E2797500EF1B8B /* ImageExtractViewController.m */; };
/* End PBXBuildFile section */

/* Begin PBXContainerItemProxy section */
		2F4EB37918E26E05004FB168 /* PBXContainerItemProxy */ = {
			isa = PBXContainerItemProxy;
			containerPortal = 2F4EB34B18E26E05004FB168 /* Project object */;
			proxyType = 1;
			remoteGlobalIDString = 2F4EB35218E26E05004FB168;
			remoteInfo = ios_camera_test;
		};
/* End PBXContainerItemProxy section */

/* Begin PBXFileReference section */
		2F1C14F018E2918800526418 /* ExtractPreviewView.h */ = {isa = PBXFileReference; fileEncoding = 4; lastKnownFileType = sourcecode.c.h; path = ExtractPreviewView.h; sourceTree = "<group>"; };
		2F1C14F118E2918800526418 /* ExtractPreviewView.m */ = {isa = PBXFileReference; fileEncoding = 4; lastKnownFileType = sourcecode.c.objc; path = ExtractPreviewView.m; sourceTree = "<group>"; };
		2F1C14F318E2963E00526418 /* eraser@2x.png */ = {isa = PBXFileReference; lastKnownFileType = image.png; path = "eraser@2x.png"; sourceTree = "<group>"; };
		2F1C14F518E297FD00526418 /* ExtractPreview.h */ = {isa = PBXFileReference; fileEncoding = 4; lastKnownFileType = sourcecode.c.h; path = ExtractPreview.h; sourceTree = "<group>"; };
		2F1C14F618E297FD00526418 /* ExtractPreview.m */ = {isa = PBXFileReference; fileEncoding = 4; lastKnownFileType = sourcecode.c.objc; path = ExtractPreview.m; sourceTree = "<group>"; };
		2F379BE518E2EA25005F12C7 /* AssetsLibrary.framework */ = {isa = PBXFileReference; lastKnownFileType = wrapper.framework; name = AssetsLibrary.framework; path = System/Library/Frameworks/AssetsLibrary.framework; sourceTree = SDKROOT; };
		2F4EB35318E26E05004FB168 /* ios_camera_test.app */ = {isa = PBXFileReference; explicitFileType = wrapper.application; includeInIndex = 0; path = ios_camera_test.app; sourceTree = BUILT_PRODUCTS_DIR; };
		2F4EB35618E26E05004FB168 /* Foundation.framework */ = {isa = PBXFileReference; lastKnownFileType = wrapper.framework; name = Foundation.framework; path = System/Library/Frameworks/Foundation.framework; sourceTree = SDKROOT; };
		2F4EB35818E26E05004FB168 /* CoreGraphics.framework */ = {isa = PBXFileReference; lastKnownFileType = wrapper.framework; name = CoreGraphics.framework; path = System/Library/Frameworks/CoreGraphics.framework; sourceTree = SDKROOT; };
		2F4EB35A18E26E05004FB168 /* UIKit.framework */ = {isa = PBXFileReference; lastKnownFileType = wrapper.framework; name = UIKit.framework; path = System/Library/Frameworks/UIKit.framework; sourceTree = SDKROOT; };
		2F4EB35E18E26E05004FB168 /* ios_camera_test-Info.plist */ = {isa = PBXFileReference; lastKnownFileType = text.plist.xml; path = "ios_camera_test-Info.plist"; sourceTree = "<group>"; };
		2F4EB36018E26E05004FB168 /* en */ = {isa = PBXFileReference; lastKnownFileType = text.plist.strings; name = en; path = en.lproj/InfoPlist.strings; sourceTree = "<group>"; };
		2F4EB36218E26E05004FB168 /* main.m */ = {isa = PBXFileReference; lastKnownFileType = sourcecode.c.objc; path = main.m; sourceTree = "<group>"; };
		2F4EB36418E26E05004FB168 /* ios_camera_test-Prefix.pch */ = {isa = PBXFileReference; lastKnownFileType = sourcecode.c.h; path = "ios_camera_test-Prefix.pch"; sourceTree = "<group>"; };
		2F4EB36518E26E05004FB168 /* AppDelegate.h */ = {isa = PBXFileReference; lastKnownFileType = sourcecode.c.h; path = AppDelegate.h; sourceTree = "<group>"; };
		2F4EB36618E26E05004FB168 /* AppDelegate.m */ = {isa = PBXFileReference; lastKnownFileType = sourcecode.c.objc; path = AppDelegate.m; sourceTree = "<group>"; };
		2F4EB36918E26E05004FB168 /* Base */ = {isa = PBXFileReference; lastKnownFileType = file.storyboard; name = Base; path = Base.lproj/Main.storyboard; sourceTree = "<group>"; };
		2F4EB36B18E26E05004FB168 /* ViewController.h */ = {isa = PBXFileReference; lastKnownFileType = sourcecode.c.h; path = ViewController.h; sourceTree = "<group>"; };
		2F4EB36C18E26E05004FB168 /* ViewController.m */ = {isa = PBXFileReference; lastKnownFileType = sourcecode.c.objc; path = ViewController.m; sourceTree = "<group>"; };
		2F4EB36E18E26E05004FB168 /* Images.xcassets */ = {isa = PBXFileReference; lastKnownFileType = folder.assetcatalog; path = Images.xcassets; sourceTree = "<group>"; };
		2F4EB37418E26E05004FB168 /* ios_camera_testTests.xctest */ = {isa = PBXFileReference; explicitFileType = wrapper.cfbundle; includeInIndex = 0; path = ios_camera_testTests.xctest; sourceTree = BUILT_PRODUCTS_DIR; };
		2F4EB37518E26E05004FB168 /* XCTest.framework */ = {isa = PBXFileReference; lastKnownFileType = wrapper.framework; name = XCTest.framework; path = Library/Frameworks/XCTest.framework; sourceTree = DEVELOPER_DIR; };
		2F4EB37D18E26E05004FB168 /* ios_camera_testTests-Info.plist */ = {isa = PBXFileReference; lastKnownFileType = text.plist.xml; path = "ios_camera_testTests-Info.plist"; sourceTree = "<group>"; };
		2F4EB37F18E26E05004FB168 /* en */ = {isa = PBXFileReference; lastKnownFileType = text.plist.strings; name = en; path = en.lproj/InfoPlist.strings; sourceTree = "<group>"; };
		2F4EB38118E26E05004FB168 /* ios_camera_testTests.m */ = {isa = PBXFileReference; lastKnownFileType = sourcecode.c.objc; path = ios_camera_testTests.m; sourceTree = "<group>"; };
		2F8ACA1718E2797500EF1B8B /* ImageExtractViewController.h */ = {isa = PBXFileReference; fileEncoding = 4; lastKnownFileType = sourcecode.c.h; path = ImageExtractViewController.h; sourceTree = "<group>"; };
		2F8ACA1818E2797500EF1B8B /* ImageExtractViewController.m */ = {isa = PBXFileReference; fileEncoding = 4; lastKnownFileType = sourcecode.c.objc; path = ImageExtractViewController.m; sourceTree = "<group>"; };
/* End PBXFileReference section */

/* Begin PBXFrameworksBuildPhase section */
		2F4EB35018E26E05004FB168 /* Frameworks */ = {
			isa = PBXFrameworksBuildPhase;
			buildActionMask = 2147483647;
			files = (
				2F379BE618E2EA25005F12C7 /* AssetsLibrary.framework in Frameworks */,
				2F4EB35918E26E05004FB168 /* CoreGraphics.framework in Frameworks */,
				2F4EB35B18E26E05004FB168 /* UIKit.framework in Frameworks */,
				2F4EB35718E26E05004FB168 /* Foundation.framework in Frameworks */,
			);
			runOnlyForDeploymentPostprocessing = 0;
		};
		2F4EB37118E26E05004FB168 /* Frameworks */ = {
			isa = PBXFrameworksBuildPhase;
			buildActionMask = 2147483647;
			files = (
				2F4EB37618E26E05004FB168 /* XCTest.framework in Frameworks */,
				2F4EB37818E26E05004FB168 /* UIKit.framework in Frameworks */,
				2F4EB37718E26E05004FB168 /* Foundation.framework in Frameworks */,
			);
			runOnlyForDeploymentPostprocessing = 0;
		};
/* End PBXFrameworksBuildPhase section */

/* Begin PBXGroup section */
		2F379BE118E2E6F5005F12C7 /* Models */ = {
			isa = PBXGroup;
			children = (
			);
			name = Models;
			sourceTree = "<group>";
		};
		2F379BE218E2E6FB005F12C7 /* Controllers */ = {
			isa = PBXGroup;
			children = (
				2F4EB36518E26E05004FB168 /* AppDelegate.h */,
				2F4EB36618E26E05004FB168 /* AppDelegate.m */,
				2F4EB36818E26E05004FB168 /* Main.storyboard */,
				2F4EB36B18E26E05004FB168 /* ViewController.h */,
				2F4EB36C18E26E05004FB168 /* ViewController.m */,
				2F8ACA1718E2797500EF1B8B /* ImageExtractViewController.h */,
				2F8ACA1818E2797500EF1B8B /* ImageExtractViewController.m */,
			);
			name = Controllers;
			sourceTree = "<group>";
		};
		2F379BE318E2E702005F12C7 /* Views */ = {
			isa = PBXGroup;
			children = (
				2F1C14F018E2918800526418 /* ExtractPreviewView.h */,
				2F1C14F118E2918800526418 /* ExtractPreviewView.m */,
				2F1C14F518E297FD00526418 /* ExtractPreview.h */,
				2F1C14F618E297FD00526418 /* ExtractPreview.m */,
			);
			name = Views;
			sourceTree = "<group>";
		};
		2F4EB34A18E26E05004FB168 = {
			isa = PBXGroup;
			children = (
				2F4EB35C18E26E05004FB168 /* ios_camera_test */,
				2F4EB37B18E26E05004FB168 /* ios_camera_testTests */,
				2F4EB35518E26E05004FB168 /* Frameworks */,
				2F4EB35418E26E05004FB168 /* Products */,
			);
			sourceTree = "<group>";
		};
		2F4EB35418E26E05004FB168 /* Products */ = {
			isa = PBXGroup;
			children = (
				2F4EB35318E26E05004FB168 /* ios_camera_test.app */,
				2F4EB37418E26E05004FB168 /* ios_camera_testTests.xctest */,
			);
			name = Products;
			sourceTree = "<group>";
		};
		2F4EB35518E26E05004FB168 /* Frameworks */ = {
			isa = PBXGroup;
			children = (
				2F379BE518E2EA25005F12C7 /* AssetsLibrary.framework */,
				2F4EB35618E26E05004FB168 /* Foundation.framework */,
				2F4EB35818E26E05004FB168 /* CoreGraphics.framework */,
				2F4EB35A18E26E05004FB168 /* UIKit.framework */,
				2F4EB37518E26E05004FB168 /* XCTest.framework */,
			);
			name = Frameworks;
			sourceTree = "<group>";
		};
		2F4EB35C18E26E05004FB168 /* ios_camera_test */ = {
			isa = PBXGroup;
			children = (
				2F4EB36E18E26E05004FB168 /* Images.xcassets */,
				2F379BE118E2E6F5005F12C7 /* Models */,
				2F379BE218E2E6FB005F12C7 /* Controllers */,
				2F379BE318E2E702005F12C7 /* Views */,
				2F4EB35D18E26E05004FB168 /* Supporting Files */,
			);
			path = ios_camera_test;
			sourceTree = "<group>";
		};
		2F4EB35D18E26E05004FB168 /* Supporting Files */ = {
			isa = PBXGroup;
			children = (
				2F1C14F318E2963E00526418 /* eraser@2x.png */,
				2F4EB35E18E26E05004FB168 /* ios_camera_test-Info.plist */,
				2F4EB35F18E26E05004FB168 /* InfoPlist.strings */,
				2F4EB36218E26E05004FB168 /* main.m */,
				2F4EB36418E26E05004FB168 /* ios_camera_test-Prefix.pch */,
			);
			name = "Supporting Files";
			sourceTree = "<group>";
		};
		2F4EB37B18E26E05004FB168 /* ios_camera_testTests */ = {
			isa = PBXGroup;
			children = (
				2F4EB38118E26E05004FB168 /* ios_camera_testTests.m */,
				2F4EB37C18E26E05004FB168 /* Supporting Files */,
			);
			path = ios_camera_testTests;
			sourceTree = "<group>";
		};
		2F4EB37C18E26E05004FB168 /* Supporting Files */ = {
			isa = PBXGroup;
			children = (
				2F4EB37D18E26E05004FB168 /* ios_camera_testTests-Info.plist */,
				2F4EB37E18E26E05004FB168 /* InfoPlist.strings */,
			);
			name = "Supporting Files";
			sourceTree = "<group>";
		};
/* End PBXGroup section */

/* Begin PBXNativeTarget section */
		2F4EB35218E26E05004FB168 /* ios_camera_test */ = {
			isa = PBXNativeTarget;
			buildConfigurationList = 2F4EB38518E26E05004FB168 /* Build configuration list for PBXNativeTarget "ios_camera_test" */;
			buildPhases = (
				2F4EB34F18E26E05004FB168 /* Sources */,
				2F4EB35018E26E05004FB168 /* Frameworks */,
				2F4EB35118E26E05004FB168 /* Resources */,
			);
			buildRules = (
			);
			dependencies = (
			);
			name = ios_camera_test;
			productName = ios_camera_test;
			productReference = 2F4EB35318E26E05004FB168 /* ios_camera_test.app */;
			productType = "com.apple.product-type.application";
		};
		2F4EB37318E26E05004FB168 /* ios_camera_testTests */ = {
			isa = PBXNativeTarget;
			buildConfigurationList = 2F4EB38818E26E05004FB168 /* Build configuration list for PBXNativeTarget "ios_camera_testTests" */;
			buildPhases = (
				2F4EB37018E26E05004FB168 /* Sources */,
				2F4EB37118E26E05004FB168 /* Frameworks */,
				2F4EB37218E26E05004FB168 /* Resources */,
			);
			buildRules = (
			);
			dependencies = (
				2F4EB37A18E26E05004FB168 /* PBXTargetDependency */,
			);
			name = ios_camera_testTests;
			productName = ios_camera_testTests;
			productReference = 2F4EB37418E26E05004FB168 /* ios_camera_testTests.xctest */;
			productType = "com.apple.product-type.bundle.unit-test";
		};
/* End PBXNativeTarget section */

/* Begin PBXProject section */
		2F4EB34B18E26E05004FB168 /* Project object */ = {
			isa = PBXProject;
			attributes = {
				LastUpgradeCheck = 0510;
				ORGANIZATIONNAME = mothule;
				TargetAttributes = {
					2F4EB37318E26E05004FB168 = {
						TestTargetID = 2F4EB35218E26E05004FB168;
					};
				};
			};
			buildConfigurationList = 2F4EB34E18E26E05004FB168 /* Build configuration list for PBXProject "ios_camera_test" */;
			compatibilityVersion = "Xcode 3.2";
			developmentRegion = English;
			hasScannedForEncodings = 0;
			knownRegions = (
				en,
				Base,
			);
			mainGroup = 2F4EB34A18E26E05004FB168;
			productRefGroup = 2F4EB35418E26E05004FB168 /* Products */;
			projectDirPath = "";
			projectRoot = "";
			targets = (
				2F4EB35218E26E05004FB168 /* ios_camera_test */,
				2F4EB37318E26E05004FB168 /* ios_camera_testTests */,
			);
		};
/* End PBXProject section */

/* Begin PBXResourcesBuildPhase section */
		2F4EB35118E26E05004FB168 /* Resources */ = {
			isa = PBXResourcesBuildPhase;
			buildActionMask = 2147483647;
			files = (
				2F1C14F418E2963E00526418 /* eraser@2x.png in Resources */,
				2F4EB36F18E26E05004FB168 /* Images.xcassets in Resources */,
				2F4EB36118E26E05004FB168 /* InfoPlist.strings in Resources */,
				2F4EB36A18E26E05004FB168 /* Main.storyboard in Resources */,
			);
			runOnlyForDeploymentPostprocessing = 0;
		};
		2F4EB37218E26E05004FB168 /* Resources */ = {
			isa = PBXResourcesBuildPhase;
			buildActionMask = 2147483647;
			files = (
				2F4EB38018E26E05004FB168 /* InfoPlist.strings in Resources */,
			);
			runOnlyForDeploymentPostprocessing = 0;
		};
/* End PBXResourcesBuildPhase section */

/* Begin PBXSourcesBuildPhase section */
		2F4EB34F18E26E05004FB168 /* Sources */ = {
			isa = PBXSourcesBuildPhase;
			buildActionMask = 2147483647;
			files = (
				2F1C14F718E297FD00526418 /* ExtractPreview.m in Sources */,
				2F8ACA1918E2797500EF1B8B /* ImageExtractViewController.m in Sources */,
				2F1C14F218E2918800526418 /* ExtractPreviewView.m in Sources */,
				2F4EB36D18E26E05004FB168 /* ViewController.m in Sources */,
				2F4EB36718E26E05004FB168 /* AppDelegate.m in Sources */,
				2F4EB36318E26E05004FB168 /* main.m in Sources */,
			);
			runOnlyForDeploymentPostprocessing = 0;
		};
		2F4EB37018E26E05004FB168 /* Sources */ = {
			isa = PBXSourcesBuildPhase;
			buildActionMask = 2147483647;
			files = (
				2F4EB38218E26E05004FB168 /* ios_camera_testTests.m in Sources */,
			);
			runOnlyForDeploymentPostprocessing = 0;
		};
/* End PBXSourcesBuildPhase section */

/* Begin PBXTargetDependency section */
		2F4EB37A18E26E05004FB168 /* PBXTargetDependency */ = {
			isa = PBXTargetDependency;
			target = 2F4EB35218E26E05004FB168 /* ios_camera_test */;
			targetProxy = 2F4EB37918E26E05004FB168 /* PBXContainerItemProxy */;
		};
/* End PBXTargetDependency section */

/* Begin PBXVariantGroup section */
		2F4EB35F18E26E05004FB168 /* InfoPlist.strings */ = {
			isa = PBXVariantGroup;
			children = (
				2F4EB36018E26E05004FB168 /* en */,
			);
			name = InfoPlist.strings;
			sourceTree = "<group>";
		};
		2F4EB36818E26E05004FB168 /* Main.storyboard */ = {
			isa = PBXVariantGroup;
			children = (
				2F4EB36918E26E05004FB168 /* Base */,
			);
			name = Main.storyboard;
			sourceTree = "<group>";
		};
		2F4EB37E18E26E05004FB168 /* InfoPlist.strings */ = {
			isa = PBXVariantGroup;
			children = (
				2F4EB37F18E26E05004FB168 /* en */,
			);
			name = InfoPlist.strings;
			sourceTree = "<group>";
		};
/* End PBXVariantGroup section */

/* Begin XCBuildConfiguration section */
		2F4EB38318E26E05004FB168 /* Debug */ = {
			isa = XCBuildConfiguration;
			buildSettings = {
				ALWAYS_SEARCH_USER_PATHS = NO;
				CLANG_CXX_LANGUAGE_STANDARD = "gnu++0x";
				CLANG_CXX_LIBRARY = "libc++";
				CLANG_ENABLE_MODULES = YES;
				CLANG_ENABLE_OBJC_ARC = YES;
				CLANG_WARN_BOOL_CONVERSION = YES;
				CLANG_WARN_CONSTANT_CONVERSION = YES;
				CLANG_WARN_DIRECT_OBJC_ISA_USAGE = YES_ERROR;
				CLANG_WARN_EMPTY_BODY = YES;
				CLANG_WARN_ENUM_CONVERSION = YES;
				CLANG_WARN_INT_CONVERSION = YES;
				CLANG_WARN_OBJC_ROOT_CLASS = YES_ERROR;
				CLANG_WARN__DUPLICATE_METHOD_MATCH = YES;
				"CODE_SIGN_IDENTITY[sdk=iphoneos*]" = "iPhone Developer";
				COPY_PHASE_STRIP = NO;
				GCC_C_LANGUAGE_STANDARD = gnu99;
				GCC_DYNAMIC_NO_PIC = NO;
				GCC_OPTIMIZATION_LEVEL = 0;
				GCC_PREPROCESSOR_DEFINITIONS = (
					"DEBUG=1",
					"$(inherited)",
				);
				GCC_SYMBOLS_PRIVATE_EXTERN = NO;
				GCC_WARN_64_TO_32_BIT_CONVERSION = YES;
				GCC_WARN_ABOUT_RETURN_TYPE = YES_ERROR;
				GCC_WARN_UNDECLARED_SELECTOR = YES;
				GCC_WARN_UNINITIALIZED_AUTOS = YES_AGGRESSIVE;
				GCC_WARN_UNUSED_FUNCTION = YES;
				GCC_WARN_UNUSED_VARIABLE = YES;
				IPHONEOS_DEPLOYMENT_TARGET = 7.1;
				ONLY_ACTIVE_ARCH = YES;
				SDKROOT = iphoneos;
			};
			name = Debug;
		};
		2F4EB38418E26E05004FB168 /* Release */ = {
			isa = XCBuildConfiguration;
			buildSettings = {
				ALWAYS_SEARCH_USER_PATHS = NO;
				CLANG_CXX_LANGUAGE_STANDARD = "gnu++0x";
				CLANG_CXX_LIBRARY = "libc++";
				CLANG_ENABLE_MODULES = YES;
				CLANG_ENABLE_OBJC_ARC = YES;
				CLANG_WARN_BOOL_CONVERSION = YES;
				CLANG_WARN_CONSTANT_CONVERSION = YES;
				CLANG_WARN_DIRECT_OBJC_ISA_USAGE = YES_ERROR;
				CLANG_WARN_EMPTY_BODY = YES;
				CLANG_WARN_ENUM_CONVERSION = YES;
				CLANG_WARN_INT_CONVERSION = YES;
				CLANG_WARN_OBJC_ROOT_CLASS = YES_ERROR;
				CLANG_WARN__DUPLICATE_METHOD_MATCH = YES;
				"CODE_SIGN_IDENTITY[sdk=iphoneos*]" = "iPhone Developer";
				COPY_PHASE_STRIP = YES;
				ENABLE_NS_ASSERTIONS = NO;
				GCC_C_LANGUAGE_STANDARD = gnu99;
				GCC_WARN_64_TO_32_BIT_CONVERSION = YES;
				GCC_WARN_ABOUT_RETURN_TYPE = YES_ERROR;
				GCC_WARN_UNDECLARED_SELECTOR = YES;
				GCC_WARN_UNINITIALIZED_AUTOS = YES_AGGRESSIVE;
				GCC_WARN_UNUSED_FUNCTION = YES;
				GCC_WARN_UNUSED_VARIABLE = YES;
				IPHONEOS_DEPLOYMENT_TARGET = 7.1;
				SDKROOT = iphoneos;
				VALIDATE_PRODUCT = YES;
			};
			name = Release;
		};
		2F4EB38618E26E05004FB168 /* Debug */ = {
			isa = XCBuildConfiguration;
			buildSettings = {
				ASSETCATALOG_COMPILER_APPICON_NAME = AppIcon;
				ASSETCATALOG_COMPILER_LAUNCHIMAGE_NAME = LaunchImage;
				GCC_PRECOMPILE_PREFIX_HEADER = YES;
				GCC_PREFIX_HEADER = "ios_camera_test/ios_camera_test-Prefix.pch";
				INFOPLIST_FILE = "ios_camera_test/ios_camera_test-Info.plist";
				PRODUCT_NAME = "$(TARGET_NAME)";
				WRAPPER_EXTENSION = app;
			};
			name = Debug;
		};
		2F4EB38718E26E05004FB168 /* Release */ = {
			isa = XCBuildConfiguration;
			buildSettings = {
				ASSETCATALOG_COMPILER_APPICON_NAME = AppIcon;
				ASSETCATALOG_COMPILER_LAUNCHIMAGE_NAME = LaunchImage;
				GCC_PRECOMPILE_PREFIX_HEADER = YES;
				GCC_PREFIX_HEADER = "ios_camera_test/ios_camera_test-Prefix.pch";
				INFOPLIST_FILE = "ios_camera_test/ios_camera_test-Info.plist";
				PRODUCT_NAME = "$(TARGET_NAME)";
				WRAPPER_EXTENSION = app;
			};
			name = Release;
		};
		2F4EB38918E26E05004FB168 /* Debug */ = {
			isa = XCBuildConfiguration;
			buildSettings = {
				BUNDLE_LOADER = "$(BUILT_PRODUCTS_DIR)/ios_camera_test.app/ios_camera_test";
				FRAMEWORK_SEARCH_PATHS = (
					"$(SDKROOT)/Developer/Library/Frameworks",
					"$(inherited)",
					"$(DEVELOPER_FRAMEWORKS_DIR)",
				);
				GCC_PRECOMPILE_PREFIX_HEADER = YES;
				GCC_PREFIX_HEADER = "ios_camera_test/ios_camera_test-Prefix.pch";
				GCC_PREPROCESSOR_DEFINITIONS = (
					"DEBUG=1",
					"$(inherited)",
				);
				INFOPLIST_FILE = "ios_camera_testTests/ios_camera_testTests-Info.plist";
				PRODUCT_NAME = "$(TARGET_NAME)";
				TEST_HOST = "$(BUNDLE_LOADER)";
				WRAPPER_EXTENSION = xctest;
			};
			name = Debug;
		};
		2F4EB38A18E26E05004FB168 /* Release */ = {
			isa = XCBuildConfiguration;
			buildSettings = {
				BUNDLE_LOADER = "$(BUILT_PRODUCTS_DIR)/ios_camera_test.app/ios_camera_test";
				FRAMEWORK_SEARCH_PATHS = (
					"$(SDKROOT)/Developer/Library/Frameworks",
					"$(inherited)",
					"$(DEVELOPER_FRAMEWORKS_DIR)",
				);
				GCC_PRECOMPILE_PREFIX_HEADER = YES;
				GCC_PREFIX_HEADER = "ios_camera_test/ios_camera_test-Prefix.pch";
				INFOPLIST_FILE = "ios_camera_testTests/ios_camera_testTests-Info.plist";
				PRODUCT_NAME = "$(TARGET_NAME)";
				TEST_HOST = "$(BUNDLE_LOADER)";
				WRAPPER_EXTENSION = xctest;
			};
			name = Release;
		};
/* End XCBuildConfiguration section */

/* Begin XCConfigurationList section */
		2F4EB34E18E26E05004FB168 /* Build configuration list for PBXProject "ios_camera_test" */ = {
			isa = XCConfigurationList;
			buildConfigurations = (
				2F4EB38318E26E05004FB168 /* Debug */,
				2F4EB38418E26E05004FB168 /* Release */,
			);
			defaultConfigurationIsVisible = 0;
			defaultConfigurationName = Release;
		};
		2F4EB38518E26E05004FB168 /* Build configuration list for PBXNativeTarget "ios_camera_test" */ = {
			isa = XCConfigurationList;
			buildConfigurations = (
				2F4EB38618E26E05004FB168 /* Debug */,
				2F4EB38718E26E05004FB168 /* Release */,
			);
			defaultConfigurationIsVisible = 0;
			defaultConfigurationName = Release;
		};
		2F4EB38818E26E05004FB168 /* Build configuration list for PBXNativeTarget "ios_camera_testTests" */ = {
			isa = XCConfigurationList;
			buildConfigurations = (
				2F4EB38918E26E05004FB168 /* Debug */,
				2F4EB38A18E26E05004FB168 /* Release */,
			);
			defaultConfigurationIsVisible = 0;
			defaultConfigurationName = Release;
		};
/* End XCConfigurationList section */
	};
	rootObject = 2F4EB34B18E26E05004FB168 /* Project object */;
}
